
Microsoft Visual Studio Solution File, Format Version 12.00
# Visual Studio 15
VisualStudioVersion = 15.0.27130.2010
MinimumVisualStudioVersion = 10.0.40219.1
Project("{FAE04EC0-301F-11D3-BF4B-00C04F79EFBC}") = "加密", "備忘錄\加密.csproj", "{6491531C-26D6-42E7-9610-01969574CD6A}"
EndProject
Global
	GlobalSection(SolutionConfigurationPlatforms) = preSolution
		Debug|Any CPU = Debug|Any CPU
		Release|Any CPU = Release|Any CPU
	EndGlobalSection
	GlobalSection(ProjectConfigurationPlatforms) = postSolution
		{6491531C-26D6-42E7-9610-01969574CD6A}.Debug|Any CPU.ActiveCfg = Debug|Any CPU
		{6491531C-26D6-42E7-9610-01969574CD6A}.Debug|Any CPU.Build.0 = Debug|Any CPU
		{6491531C-26D6-42E7-9610-01969574CD6A}.Release|Any CPU.ActiveCfg = Release|Any CPU
		{6491531C-26D6-42E7-9610-01969574CD6A}.Release|Any CPU.Build.0 = Release|Any CPU
	EndGlobalSection
	GlobalSection(SolutionProperties) = preSolution
		HideSolutionNode = FALSE
	EndGlobalSection
	GlobalSection(ExtensibilityGlobals) = postSolution
		SolutionGuid = {057D009A-0ACE-4342-B93F-3A685F28945E}
	EndGlobalSection
EndGlobal
